
Microsoft Visual Studio Solution File, Format Version 12.00
# Visual Studio Version 16
VisualStudioVersion = 16.0.29519.181
MinimumVisualStudioVersion = 10.0.40219.1
Project("{8BC9CEB8-8B4A-11D0-8D11-00A0C91BC942}") = "MEMFIXEDCCNN", "MEMFIXEDCCNN\MEMFIXEDCCNN.vcxproj", "{36A3E2DD-74EE-47F4-A902-384D45D31B89}"
EndProject
Global
	GlobalSection(SolutionConfigurationPlatforms) = preSolution
		Debug|x64 = Debug|x64
		Release|x64 = Release|x64
	EndGlobalSection
	GlobalSection(ProjectConfigurationPlatforms) = postSolution
		{36A3E2DD-74EE-47F4-A902-384D45D31B89}.Debug|x64.ActiveCfg = Debug|x64
		{36A3E2DD-74EE-47F4-A902-384D45D31B89}.Debug|x64.Build.0 = Debug|x64
		{36A3E2DD-74EE-47F4-A902-384D45D31B89}.Release|x64.ActiveCfg = Release|x64
		{36A3E2DD-74EE-47F4-A902-384D45D31B89}.Release|x64.Build.0 = Release|x64
	EndGlobalSection
	GlobalSection(SolutionProperties) = preSolution
		HideSolutionNode = FALSE
	EndGlobalSection
	GlobalSection(ExtensibilityGlobals) = postSolution
		SolutionGuid = {84562A2B-1922-42BF-9CEF-207BE8E278D9}
	EndGlobalSection
EndGlobal
